
Microsoft Visual Studio Solution File, Format Version 12.00
# Visual Studio Version 16
VisualStudioVersion = 16.0.30517.126
MinimumVisualStudioVersion = 10.0.40219.1
Project("{FAE04EC0-301F-11D3-BF4B-00C04F79EFBC}") = "БИПиТ1", "БИПиТ1\БИПиТ1.csproj", "{9C901919-5F5B-4ABA-9A76-3C0BF3821C74}"
EndProject
Project("{FAE04EC0-301F-11D3-BF4B-00C04F79EFBC}") = "Client", "Client\Client.csproj", "{89FD4D88-77BF-4693-9107-F33C0905B145}"
	ProjectSection(ProjectDependencies) = postProject
		{9C901919-5F5B-4ABA-9A76-3C0BF3821C74} = {9C901919-5F5B-4ABA-9A76-3C0BF3821C74}
	EndProjectSection
EndProject
Global
	GlobalSection(SolutionConfigurationPlatforms) = preSolution
		Debug|Any CPU = Debug|Any CPU
		Release|Any CPU = Release|Any CPU
	EndGlobalSection
	GlobalSection(ProjectConfigurationPlatforms) = postSolution
		{9C901919-5F5B-4ABA-9A76-3C0BF3821C74}.Debug|Any CPU.ActiveCfg = Debug|Any CPU
		{9C901919-5F5B-4ABA-9A76-3C0BF3821C74}.Debug|Any CPU.Build.0 = Debug|Any CPU
		{9C901919-5F5B-4ABA-9A76-3C0BF3821C74}.Release|Any CPU.ActiveCfg = Release|Any CPU
		{9C901919-5F5B-4ABA-9A76-3C0BF3821C74}.Release|Any CPU.Build.0 = Release|Any CPU
		{89FD4D88-77BF-4693-9107-F33C0905B145}.Debug|Any CPU.ActiveCfg = Debug|Any CPU
		{89FD4D88-77BF-4693-9107-F33C0905B145}.Debug|Any CPU.Build.0 = Debug|Any CPU
		{89FD4D88-77BF-4693-9107-F33C0905B145}.Release|Any CPU.ActiveCfg = Release|Any CPU
		{89FD4D88-77BF-4693-9107-F33C0905B145}.Release|Any CPU.Build.0 = Release|Any CPU
	EndGlobalSection
	GlobalSection(SolutionProperties) = preSolution
		HideSolutionNode = FALSE
	EndGlobalSection
	GlobalSection(ExtensibilityGlobals) = postSolution
		SolutionGuid = {C2D50418-C374-4263-AC70-70E272F74F84}
	EndGlobalSection
EndGlobal
